
Microsoft Visual Studio Solution File, Format Version 12.00
# Visual Studio 2013
VisualStudioVersion = 12.0.31101.0
MinimumVisualStudioVersion = 10.0.40219.1
Project("{FAE04EC0-301F-11D3-BF4B-00C04F79EFBC}") = "MvcPluginMasterApp", "MvcPluginMasterApp\MvcPluginMasterApp.csproj", "{EC521F18-892E-4639-AFBC-CEBC32C0EFCA}"
EndProject
Project("{2150E333-8FDC-42A3-9474-1A3956D46DE8}") = "Plugins", "Plugins", "{C285431C-26EB-4F10-93D6-92559F7FCB22}"
EndProject
Project("{2150E333-8FDC-42A3-9474-1A3956D46DE8}") = ".nuget", ".nuget", "{CE0CE689-FB25-4DE2-BAF1-90DF7DDA1090}"
	ProjectSection(SolutionItems) = preProject
		.nuget\NuGet.Config = .nuget\NuGet.Config
		.nuget\NuGet.exe = .nuget\NuGet.exe
		.nuget\NuGet.targets = .nuget\NuGet.targets
	EndProjectSection
EndProject
Project("{FAE04EC0-301F-11D3-BF4B-00C04F79EFBC}") = "MvcPluginMasterApp.Plugin1", "Plugins\MvcPluginMasterApp.Plugin1\MvcPluginMasterApp.Plugin1.csproj", "{4A00AA2E-1E2E-4DFE-96A8-BF4E346F6A23}"
EndProject
Project("{FAE04EC0-301F-11D3-BF4B-00C04F79EFBC}") = "MvcPluginMasterApp.Plugin2", "Plugins\MvcPluginMasterApp.Plugin2\MvcPluginMasterApp.Plugin2.csproj", "{772D6FC2-AC4E-4F95-8559-120BE995A435}"
EndProject
Project("{FAE04EC0-301F-11D3-BF4B-00C04F79EFBC}") = "MvcPluginMasterApp.IoCConfig", "MvcPluginMasterApp.IoCConfig\MvcPluginMasterApp.IoCConfig.csproj", "{0A0B0B85-5E17-4365-9011-CD0CCAF7DC2E}"
EndProject
Project("{FAE04EC0-301F-11D3-BF4B-00C04F79EFBC}") = "MvcPluginMasterApp.PluginsBase", "MvcPluginMasterApp.PluginsBase\MvcPluginMasterApp.PluginsBase.csproj", "{9C48D0FD-2C49-4475-8B92-53D5E0251305}"
EndProject
Project("{FAE04EC0-301F-11D3-BF4B-00C04F79EFBC}") = "MvcPluginMasterApp.Common", "MvcPluginMasterApp.Common\MvcPluginMasterApp.Common.csproj", "{19C33DC3-1411-431A-AFCA-D8652C9C9B37}"
EndProject
Project("{FAE04EC0-301F-11D3-BF4B-00C04F79EFBC}") = "MvcPluginMasterApp.Services", "MvcPluginMasterApp.Services\MvcPluginMasterApp.Services.csproj", "{C8A7BC23-7745-4B42-929A-AF02E5C937C9}"
EndProject
Project("{2150E333-8FDC-42A3-9474-1A3956D46DE8}") = "Plugin1", "Plugin1", "{CF151D84-014A-4B67-A185-987C9CF02D27}"
EndProject
Project("{2150E333-8FDC-42A3-9474-1A3956D46DE8}") = "Plugin2", "Plugin2", "{3C6FA6A8-249F-4093-8A94-D238D1A31C5A}"
EndProject
Project("{FAE04EC0-301F-11D3-BF4B-00C04F79EFBC}") = "MvcPluginMasterApp.Plugin1.Services", "Plugins\MvcPluginMasterApp.Plugin1.Services\MvcPluginMasterApp.Plugin1.Services.csproj", "{6B992E60-7178-4650-A930-72D8A07165AE}"
EndProject
Project("{FAE04EC0-301F-11D3-BF4B-00C04F79EFBC}") = "MvcPluginMasterApp.Plugin2.Services", "Plugins\MvcPluginMasterApp.Plugin2.Services\MvcPluginMasterApp.Plugin2.Services.csproj", "{B2F2E110-59D8-4828-B2D0-9B6F267529D1}"
EndProject
Project("{2150E333-8FDC-42A3-9474-1A3956D46DE8}") = "EFBootstrapper", "EFBootstrapper", "{EB063DD0-13EA-44FF-9A23-6B28869F1E37}"
EndProject
Project("{FAE04EC0-301F-11D3-BF4B-00C04F79EFBC}") = "MvcPluginMasterApp.DataLayer", "MvcPluginMasterApp.DataLayer\MvcPluginMasterApp.DataLayer.csproj", "{A7FF7546-3295-4557-9FDA-9D0628A63E09}"
EndProject
Project("{FAE04EC0-301F-11D3-BF4B-00C04F79EFBC}") = "MvcPluginMasterApp.DomainClasses", "MvcPluginMasterApp.DomainClasses\MvcPluginMasterApp.DomainClasses.csproj", "{855860C4-EE95-4242-B6AE-3A04E26629A2}"
EndProject
Project("{FAE04EC0-301F-11D3-BF4B-00C04F79EFBC}") = "MvcPluginMasterApp.Plugin1.DomainClasses", "Plugins\MvcPluginMasterApp.Plugin1.DomainClasses\MvcPluginMasterApp.Plugin1.DomainClasses.csproj", "{5E3600A2-88D1-4B88-B7C9-D50286C5B49C}"
EndProject
Project("{FAE04EC0-301F-11D3-BF4B-00C04F79EFBC}") = "MvcPluginMasterApp.Plugin2.DomainClasses", "Plugins\MvcPluginMasterApp.Plugin2.DomainClasses\MvcPluginMasterApp.Plugin2.DomainClasses.csproj", "{0D65EC8D-1950-40AC-A154-E2CD4CBC6141}"
EndProject
Project("{2150E333-8FDC-42A3-9474-1A3956D46DE8}") = "Solution Items", "Solution Items", "{78420449-5438-4C1E-9DE6-4F8AB133B4E7}"
	ProjectSection(SolutionItems) = preProject
		LICENSE.md = LICENSE.md
		README.md = README.md
	EndProjectSection
EndProject
Global
	GlobalSection(SolutionConfigurationPlatforms) = preSolution
		Debug|Any CPU = Debug|Any CPU
		Release|Any CPU = Release|Any CPU
	EndGlobalSection
	GlobalSection(ProjectConfigurationPlatforms) = postSolution
		{EC521F18-892E-4639-AFBC-CEBC32C0EFCA}.Debug|Any CPU.ActiveCfg = Debug|Any CPU
		{EC521F18-892E-4639-AFBC-CEBC32C0EFCA}.Debug|Any CPU.Build.0 = Debug|Any CPU
		{EC521F18-892E-4639-AFBC-CEBC32C0EFCA}.Release|Any CPU.ActiveCfg = Release|Any CPU
		{EC521F18-892E-4639-AFBC-CEBC32C0EFCA}.Release|Any CPU.Build.0 = Release|Any CPU
		{4A00AA2E-1E2E-4DFE-96A8-BF4E346F6A23}.Debug|Any CPU.ActiveCfg = Debug|Any CPU
		{4A00AA2E-1E2E-4DFE-96A8-BF4E346F6A23}.Debug|Any CPU.Build.0 = Debug|Any CPU
		{4A00AA2E-1E2E-4DFE-96A8-BF4E346F6A23}.Release|Any CPU.ActiveCfg = Release|Any CPU
		{4A00AA2E-1E2E-4DFE-96A8-BF4E346F6A23}.Release|Any CPU.Build.0 = Release|Any CPU
		{772D6FC2-AC4E-4F95-8559-120BE995A435}.Debug|Any CPU.ActiveCfg = Debug|Any CPU
		{772D6FC2-AC4E-4F95-8559-120BE995A435}.Debug|Any CPU.Build.0 = Debug|Any CPU
		{772D6FC2-AC4E-4F95-8559-120BE995A435}.Release|Any CPU.ActiveCfg = Release|Any CPU
		{772D6FC2-AC4E-4F95-8559-120BE995A435}.Release|Any CPU.Build.0 = Release|Any CPU
		{0A0B0B85-5E17-4365-9011-CD0CCAF7DC2E}.Debug|Any CPU.ActiveCfg = Debug|Any CPU
		{0A0B0B85-5E17-4365-9011-CD0CCAF7DC2E}.Debug|Any CPU.Build.0 = Debug|Any CPU
		{0A0B0B85-5E17-4365-9011-CD0CCAF7DC2E}.Release|Any CPU.ActiveCfg = Release|Any CPU
		{0A0B0B85-5E17-4365-9011-CD0CCAF7DC2E}.Release|Any CPU.Build.0 = Release|Any CPU
		{9C48D0FD-2C49-4475-8B92-53D5E0251305}.Debug|Any CPU.ActiveCfg = Debug|Any CPU
		{9C48D0FD-2C49-4475-8B92-53D5E0251305}.Debug|Any CPU.Build.0 = Debug|Any CPU
		{9C48D0FD-2C49-4475-8B92-53D5E0251305}.Release|Any CPU.ActiveCfg = Release|Any CPU
		{9C48D0FD-2C49-4475-8B92-53D5E0251305}.Release|Any CPU.Build.0 = Release|Any CPU
		{19C33DC3-1411-431A-AFCA-D8652C9C9B37}.Debug|Any CPU.ActiveCfg = Debug|Any CPU
		{19C33DC3-1411-431A-AFCA-D8652C9C9B37}.Debug|Any CPU.Build.0 = Debug|Any CPU
		{19C33DC3-1411-431A-AFCA-D8652C9C9B37}.Release|Any CPU.ActiveCfg = Release|Any CPU
		{19C33DC3-1411-431A-AFCA-D8652C9C9B37}.Release|Any CPU.Build.0 = Release|Any CPU
		{C8A7BC23-7745-4B42-929A-AF02E5C937C9}.Debug|Any CPU.ActiveCfg = Debug|Any CPU
		{C8A7BC23-7745-4B42-929A-AF02E5C937C9}.Debug|Any CPU.Build.0 = Debug|Any CPU
		{C8A7BC23-7745-4B42-929A-AF02E5C937C9}.Release|Any CPU.ActiveCfg = Release|Any CPU
		{C8A7BC23-7745-4B42-929A-AF02E5C937C9}.Release|Any CPU.Build.0 = Release|Any CPU
		{6B992E60-7178-4650-A930-72D8A07165AE}.Debug|Any CPU.ActiveCfg = Debug|Any CPU
		{6B992E60-7178-4650-A930-72D8A07165AE}.Debug|Any CPU.Build.0 = Debug|Any CPU
		{6B992E60-7178-4650-A930-72D8A07165AE}.Release|Any CPU.ActiveCfg = Release|Any CPU
		{6B992E60-7178-4650-A930-72D8A07165AE}.Release|Any CPU.Build.0 = Release|Any CPU
		{B2F2E110-59D8-4828-B2D0-9B6F267529D1}.Debug|Any CPU.ActiveCfg = Debug|Any CPU
		{B2F2E110-59D8-4828-B2D0-9B6F267529D1}.Debug|Any CPU.Build.0 = Debug|Any CPU
		{B2F2E110-59D8-4828-B2D0-9B6F267529D1}.Release|Any CPU.ActiveCfg = Release|Any CPU
		{B2F2E110-59D8-4828-B2D0-9B6F267529D1}.Release|Any CPU.Build.0 = Release|Any CPU
		{A7FF7546-3295-4557-9FDA-9D0628A63E09}.Debug|Any CPU.ActiveCfg = Debug|Any CPU
		{A7FF7546-3295-4557-9FDA-9D0628A63E09}.Debug|Any CPU.Build.0 = Debug|Any CPU
		{A7FF7546-3295-4557-9FDA-9D0628A63E09}.Release|Any CPU.ActiveCfg = Release|Any CPU
		{A7FF7546-3295-4557-9FDA-9D0628A63E09}.Release|Any CPU.Build.0 = Release|Any CPU
		{855860C4-EE95-4242-B6AE-3A04E26629A2}.Debug|Any CPU.ActiveCfg = Debug|Any CPU
		{855860C4-EE95-4242-B6AE-3A04E26629A2}.Debug|Any CPU.Build.0 = Debug|Any CPU
		{855860C4-EE95-4242-B6AE-3A04E26629A2}.Release|Any CPU.ActiveCfg = Release|Any CPU
		{855860C4-EE95-4242-B6AE-3A04E26629A2}.Release|Any CPU.Build.0 = Release|Any CPU
		{5E3600A2-88D1-4B88-B7C9-D50286C5B49C}.Debug|Any CPU.ActiveCfg = Debug|Any CPU
		{5E3600A2-88D1-4B88-B7C9-D50286C5B49C}.Debug|Any CPU.Build.0 = Debug|Any CPU
		{5E3600A2-88D1-4B88-B7C9-D50286C5B49C}.Release|Any CPU.ActiveCfg = Release|Any CPU
		{5E3600A2-88D1-4B88-B7C9-D50286C5B49C}.Release|Any CPU.Build.0 = Release|Any CPU
		{0D65EC8D-1950-40AC-A154-E2CD4CBC6141}.Debug|Any CPU.ActiveCfg = Debug|Any CPU
		{0D65EC8D-1950-40AC-A154-E2CD4CBC6141}.Debug|Any CPU.Build.0 = Debug|Any CPU
		{0D65EC8D-1950-40AC-A154-E2CD4CBC6141}.Release|Any CPU.ActiveCfg = Release|Any CPU
		{0D65EC8D-1950-40AC-A154-E2CD4CBC6141}.Release|Any CPU.Build.0 = Release|Any CPU
	EndGlobalSection
	GlobalSection(SolutionProperties) = preSolution
		HideSolutionNode = FALSE
	EndGlobalSection
	GlobalSection(NestedProjects) = preSolution
		{4A00AA2E-1E2E-4DFE-96A8-BF4E346F6A23} = {CF151D84-014A-4B67-A185-987C9CF02D27}
		{772D6FC2-AC4E-4F95-8559-120BE995A435} = {3C6FA6A8-249F-4093-8A94-D238D1A31C5A}
		{CF151D84-014A-4B67-A185-987C9CF02D27} = {C285431C-26EB-4F10-93D6-92559F7FCB22}
		{3C6FA6A8-249F-4093-8A94-D238D1A31C5A} = {C285431C-26EB-4F10-93D6-92559F7FCB22}
		{6B992E60-7178-4650-A930-72D8A07165AE} = {CF151D84-014A-4B67-A185-987C9CF02D27}
		{B2F2E110-59D8-4828-B2D0-9B6F267529D1} = {3C6FA6A8-249F-4093-8A94-D238D1A31C5A}
		{A7FF7546-3295-4557-9FDA-9D0628A63E09} = {EB063DD0-13EA-44FF-9A23-6B28869F1E37}
		{855860C4-EE95-4242-B6AE-3A04E26629A2} = {EB063DD0-13EA-44FF-9A23-6B28869F1E37}
		{5E3600A2-88D1-4B88-B7C9-D50286C5B49C} = {CF151D84-014A-4B67-A185-987C9CF02D27}
		{0D65EC8D-1950-40AC-A154-E2CD4CBC6141} = {3C6FA6A8-249F-4093-8A94-D238D1A31C5A}
	EndGlobalSection
EndGlobal
